
Microsoft Visual Studio Solution File, Format Version 12.00
# Visual Studio Version 16
VisualStudioVersion = 16.0.29911.84
MinimumVisualStudioVersion = 10.0.40219.1
Project("{FAE04EC0-301F-11D3-BF4B-00C04F79EFBC}") = "WpfAppListViewItemTemplate", "WpfAppListViewItemTemplate\WpfAppListViewItemTemplate.csproj", "{699B3550-EBAE-4979-B17B-4AED9C4605C2}"
EndProject
Global
	GlobalSection(SolutionConfigurationPlatforms) = preSolution
		Debug|Any CPU = Debug|Any CPU
		Release|Any CPU = Release|Any CPU
	EndGlobalSection
	GlobalSection(ProjectConfigurationPlatforms) = postSolution
		{699B3550-EBAE-4979-B17B-4AED9C4605C2}.Debug|Any CPU.ActiveCfg = Debug|Any CPU
		{699B3550-EBAE-4979-B17B-4AED9C4605C2}.Debug|Any CPU.Build.0 = Debug|Any CPU
		{699B3550-EBAE-4979-B17B-4AED9C4605C2}.Release|Any CPU.ActiveCfg = Release|Any CPU
		{699B3550-EBAE-4979-B17B-4AED9C4605C2}.Release|Any CPU.Build.0 = Release|Any CPU
	EndGlobalSection
	GlobalSection(SolutionProperties) = preSolution
		HideSolutionNode = FALSE
	EndGlobalSection
	GlobalSection(ExtensibilityGlobals) = postSolution
		SolutionGuid = {5DF70E81-831B-44D0-A985-29C67E3C064D}
	EndGlobalSection
EndGlobal
